
Microsoft Visual Studio Solution File, Format Version 12.00
# Visual Studio Version 16
VisualStudioVersion = 16.0.33328.57
MinimumVisualStudioVersion = 10.0.40219.1
Project("{FAE04EC0-301F-11D3-BF4B-00C04F79EFBC}") = "Educational Management System", "Educational Management System\Educational Management System.csproj", "{16F8DFE1-40FB-4BAB-BB09-472FF9579113}"
EndProject
Global
	GlobalSection(SolutionConfigurationPlatforms) = preSolution
		Debug|Any CPU = Debug|Any CPU
		Release|Any CPU = Release|Any CPU
	EndGlobalSection
	GlobalSection(ProjectConfigurationPlatforms) = postSolution
		{16F8DFE1-40FB-4BAB-BB09-472FF9579113}.Debug|Any CPU.ActiveCfg = Debug|Any CPU
		{16F8DFE1-40FB-4BAB-BB09-472FF9579113}.Debug|Any CPU.Build.0 = Debug|Any CPU
		{16F8DFE1-40FB-4BAB-BB09-472FF9579113}.Release|Any CPU.ActiveCfg = Release|Any CPU
		{16F8DFE1-40FB-4BAB-BB09-472FF9579113}.Release|Any CPU.Build.0 = Release|Any CPU
	EndGlobalSection
	GlobalSection(SolutionProperties) = preSolution
		HideSolutionNode = FALSE
	EndGlobalSection
	GlobalSection(ExtensibilityGlobals) = postSolution
		SolutionGuid = {FC023358-34C7-44E9-A7CB-7A529C3B7D78}
	EndGlobalSection
EndGlobal
